
Microsoft Visual Studio Solution File, Format Version 12.00
# Visual Studio 15
VisualStudioVersion = 15.0.28307.1062
MinimumVisualStudioVersion = 10.0.40219.1
Project("{FAE04EC0-301F-11D3-BF4B-00C04F79EFBC}") = "CFPE", "CFPE\CFPE.csproj", "{A7A11CB4-DDF9-47E5-A00E-7147CE930B22}"
EndProject
Global
	GlobalSection(SolutionConfigurationPlatforms) = preSolution
		Debug|Any CPU = Debug|Any CPU
		Release|Any CPU = Release|Any CPU
	EndGlobalSection
	GlobalSection(ProjectConfigurationPlatforms) = postSolution
		{A7A11CB4-DDF9-47E5-A00E-7147CE930B22}.Debug|Any CPU.ActiveCfg = Debug|Any CPU
		{A7A11CB4-DDF9-47E5-A00E-7147CE930B22}.Debug|Any CPU.Build.0 = Debug|Any CPU
		{A7A11CB4-DDF9-47E5-A00E-7147CE930B22}.Release|Any CPU.ActiveCfg = Release|Any CPU
		{A7A11CB4-DDF9-47E5-A00E-7147CE930B22}.Release|Any CPU.Build.0 = Release|Any CPU
	EndGlobalSection
	GlobalSection(SolutionProperties) = preSolution
		HideSolutionNode = FALSE
	EndGlobalSection
	GlobalSection(ExtensibilityGlobals) = postSolution
		SolutionGuid = {A8A6CF90-3D9D-4B33-A0DB-1F1E79AD986B}
	EndGlobalSection
EndGlobal
